
Microsoft Visual Studio Solution File, Format Version 12.00
Project("{FAE04EC0-301F-11D3-BF4B-00C04F79EFBC}") = "Day 2 Rock Paper Scissors", "Day 2 Rock Paper Scissors\Day 2 Rock Paper Scissors.csproj", "{BCF0688B-EE23-44AB-AEA7-3E3B9237279C}"
EndProject
Project("{FAE04EC0-301F-11D3-BF4B-00C04F79EFBC}") = "Day 3 Rucksack Reorganization", "Day 3 Rucksack Reorganization\Day 3 Rucksack Reorganization.csproj", "{1A39B544-A564-4022-BF67-5D0F99AE56DD}"
EndProject
Project("{FAE04EC0-301F-11D3-BF4B-00C04F79EFBC}") = "Day 4 Camp Cleanup", "Day 4 Camp Cleanup\Day 4 Camp Cleanup.csproj", "{B421E4B2-8934-44D3-84B9-13CBA69D2D44}"
EndProject
Project("{FAE04EC0-301F-11D3-BF4B-00C04F79EFBC}") = "Day 5 Supply Stacks", "Day 5 Supply Stacks\Day 5 Supply Stacks.csproj", "{59DE2F85-14F2-4465-B7C9-7C3D13DB8A7E}"
EndProject
Project("{FAE04EC0-301F-11D3-BF4B-00C04F79EFBC}") = "Day 6 Tuning Trouble", "Day 6 Tuning Trouble\Day 6 Tuning Trouble.csproj", "{832A1FAC-44CC-4512-9F99-FB2594E76CDE}"
EndProject
Project("{FAE04EC0-301F-11D3-BF4B-00C04F79EFBC}") = "Day 7  No Space Left On Device", "Day 7  No Space Left On Device\Day 7  No Space Left On Device.csproj", "{E5E5855F-F996-4ADA-A877-8EEB08454113}"
EndProject
Project("{FAE04EC0-301F-11D3-BF4B-00C04F79EFBC}") = "Day 8 Treetop Tree House", "Day 8 Treetop Tree House\Day 8 Treetop Tree House.csproj", "{A3046D83-BBB8-40C5-A805-0E7A9C299411}"
EndProject
Project("{FAE04EC0-301F-11D3-BF4B-00C04F79EFBC}") = "Day 9 Rope Bridge", "Day 9 Rope Bridge\Day 9 Rope Bridge.csproj", "{15ECCC96-980F-4E31-B228-99BA859DBA72}"
EndProject
Project("{FAE04EC0-301F-11D3-BF4B-00C04F79EFBC}") = "Day 10 Cathode-Ray Tube", "Day 10 Cathode-Ray Tube\Day 10 Cathode-Ray Tube.csproj", "{A3760FF0-17C0-4231-B543-BB4B0191D3D3}"
EndProject
Project("{FAE04EC0-301F-11D3-BF4B-00C04F79EFBC}") = "Day 11 Monkey in the Middle", "Day 11 Monkey in the Middle\Day 11 Monkey in the Middle.csproj", "{E6192D0C-803D-47F3-89B6-CB9DAB62CD34}"
EndProject
Global
	GlobalSection(SolutionConfigurationPlatforms) = preSolution
		Debug|Any CPU = Debug|Any CPU
		Release|Any CPU = Release|Any CPU
	EndGlobalSection
	GlobalSection(ProjectConfigurationPlatforms) = postSolution
		{BCF0688B-EE23-44AB-AEA7-3E3B9237279C}.Debug|Any CPU.ActiveCfg = Debug|Any CPU
		{BCF0688B-EE23-44AB-AEA7-3E3B9237279C}.Debug|Any CPU.Build.0 = Debug|Any CPU
		{BCF0688B-EE23-44AB-AEA7-3E3B9237279C}.Release|Any CPU.ActiveCfg = Release|Any CPU
		{BCF0688B-EE23-44AB-AEA7-3E3B9237279C}.Release|Any CPU.Build.0 = Release|Any CPU
		{1A39B544-A564-4022-BF67-5D0F99AE56DD}.Debug|Any CPU.ActiveCfg = Debug|Any CPU
		{1A39B544-A564-4022-BF67-5D0F99AE56DD}.Debug|Any CPU.Build.0 = Debug|Any CPU
		{1A39B544-A564-4022-BF67-5D0F99AE56DD}.Release|Any CPU.ActiveCfg = Release|Any CPU
		{1A39B544-A564-4022-BF67-5D0F99AE56DD}.Release|Any CPU.Build.0 = Release|Any CPU
		{B421E4B2-8934-44D3-84B9-13CBA69D2D44}.Debug|Any CPU.ActiveCfg = Debug|Any CPU
		{B421E4B2-8934-44D3-84B9-13CBA69D2D44}.Debug|Any CPU.Build.0 = Debug|Any CPU
		{B421E4B2-8934-44D3-84B9-13CBA69D2D44}.Release|Any CPU.ActiveCfg = Release|Any CPU
		{B421E4B2-8934-44D3-84B9-13CBA69D2D44}.Release|Any CPU.Build.0 = Release|Any CPU
		{59DE2F85-14F2-4465-B7C9-7C3D13DB8A7E}.Debug|Any CPU.ActiveCfg = Debug|Any CPU
		{59DE2F85-14F2-4465-B7C9-7C3D13DB8A7E}.Debug|Any CPU.Build.0 = Debug|Any CPU
		{59DE2F85-14F2-4465-B7C9-7C3D13DB8A7E}.Release|Any CPU.ActiveCfg = Release|Any CPU
		{59DE2F85-14F2-4465-B7C9-7C3D13DB8A7E}.Release|Any CPU.Build.0 = Release|Any CPU
		{832A1FAC-44CC-4512-9F99-FB2594E76CDE}.Debug|Any CPU.ActiveCfg = Debug|Any CPU
		{832A1FAC-44CC-4512-9F99-FB2594E76CDE}.Debug|Any CPU.Build.0 = Debug|Any CPU
		{832A1FAC-44CC-4512-9F99-FB2594E76CDE}.Release|Any CPU.ActiveCfg = Release|Any CPU
		{832A1FAC-44CC-4512-9F99-FB2594E76CDE}.Release|Any CPU.Build.0 = Release|Any CPU
		{E5E5855F-F996-4ADA-A877-8EEB08454113}.Debug|Any CPU.ActiveCfg = Debug|Any CPU
		{E5E5855F-F996-4ADA-A877-8EEB08454113}.Debug|Any CPU.Build.0 = Debug|Any CPU
		{E5E5855F-F996-4ADA-A877-8EEB08454113}.Release|Any CPU.ActiveCfg = Release|Any CPU
		{E5E5855F-F996-4ADA-A877-8EEB08454113}.Release|Any CPU.Build.0 = Release|Any CPU
		{A3046D83-BBB8-40C5-A805-0E7A9C299411}.Debug|Any CPU.ActiveCfg = Debug|Any CPU
		{A3046D83-BBB8-40C5-A805-0E7A9C299411}.Debug|Any CPU.Build.0 = Debug|Any CPU
		{A3046D83-BBB8-40C5-A805-0E7A9C299411}.Release|Any CPU.ActiveCfg = Release|Any CPU
		{A3046D83-BBB8-40C5-A805-0E7A9C299411}.Release|Any CPU.Build.0 = Release|Any CPU
		{15ECCC96-980F-4E31-B228-99BA859DBA72}.Debug|Any CPU.ActiveCfg = Debug|Any CPU
		{15ECCC96-980F-4E31-B228-99BA859DBA72}.Debug|Any CPU.Build.0 = Debug|Any CPU
		{15ECCC96-980F-4E31-B228-99BA859DBA72}.Release|Any CPU.ActiveCfg = Release|Any CPU
		{15ECCC96-980F-4E31-B228-99BA859DBA72}.Release|Any CPU.Build.0 = Release|Any CPU
		{A3760FF0-17C0-4231-B543-BB4B0191D3D3}.Debug|Any CPU.ActiveCfg = Debug|Any CPU
		{A3760FF0-17C0-4231-B543-BB4B0191D3D3}.Debug|Any CPU.Build.0 = Debug|Any CPU
		{A3760FF0-17C0-4231-B543-BB4B0191D3D3}.Release|Any CPU.ActiveCfg = Release|Any CPU
		{A3760FF0-17C0-4231-B543-BB4B0191D3D3}.Release|Any CPU.Build.0 = Release|Any CPU
		{E6192D0C-803D-47F3-89B6-CB9DAB62CD34}.Debug|Any CPU.ActiveCfg = Debug|Any CPU
		{E6192D0C-803D-47F3-89B6-CB9DAB62CD34}.Debug|Any CPU.Build.0 = Debug|Any CPU
		{E6192D0C-803D-47F3-89B6-CB9DAB62CD34}.Release|Any CPU.ActiveCfg = Release|Any CPU
		{E6192D0C-803D-47F3-89B6-CB9DAB62CD34}.Release|Any CPU.Build.0 = Release|Any CPU
	EndGlobalSection
EndGlobal
